
Microsoft Visual Studio Solution File, Format Version 12.00
# Visual Studio 15
VisualStudioVersion = 15.0.27004.2005
MinimumVisualStudioVersion = 10.0.40219.1
Project("{FAE04EC0-301F-11D3-BF4B-00C04F79EFBC}") = "P03_SalesDatabase", "P03_SalesDatabase\P03_SalesDatabase.csproj", "{00F76F48-C0EC-4461-990F-E187E4F5487E}"
EndProject
Project("{FAE04EC0-301F-11D3-BF4B-00C04F79EFBC}") = "SalesDbStartUp", "SalesDbStartUp\SalesDbStartUp.csproj", "{154DB6BF-73B6-4B3A-952D-AA0FA0FD0B9F}"
EndProject
Global
	GlobalSection(SolutionConfigurationPlatforms) = preSolution
		Debug|Any CPU = Debug|Any CPU
		Release|Any CPU = Release|Any CPU
	EndGlobalSection
	GlobalSection(ProjectConfigurationPlatforms) = postSolution
		{00F76F48-C0EC-4461-990F-E187E4F5487E}.Debug|Any CPU.ActiveCfg = Debug|Any CPU
		{00F76F48-C0EC-4461-990F-E187E4F5487E}.Debug|Any CPU.Build.0 = Debug|Any CPU
		{00F76F48-C0EC-4461-990F-E187E4F5487E}.Release|Any CPU.ActiveCfg = Release|Any CPU
		{00F76F48-C0EC-4461-990F-E187E4F5487E}.Release|Any CPU.Build.0 = Release|Any CPU
		{154DB6BF-73B6-4B3A-952D-AA0FA0FD0B9F}.Debug|Any CPU.ActiveCfg = Debug|Any CPU
		{154DB6BF-73B6-4B3A-952D-AA0FA0FD0B9F}.Debug|Any CPU.Build.0 = Debug|Any CPU
		{154DB6BF-73B6-4B3A-952D-AA0FA0FD0B9F}.Release|Any CPU.ActiveCfg = Release|Any CPU
		{154DB6BF-73B6-4B3A-952D-AA0FA0FD0B9F}.Release|Any CPU.Build.0 = Release|Any CPU
	EndGlobalSection
	GlobalSection(SolutionProperties) = preSolution
		HideSolutionNode = FALSE
	EndGlobalSection
	GlobalSection(ExtensibilityGlobals) = postSolution
		SolutionGuid = {B42EC2A7-1A99-4969-B9E1-F7578C4B2D43}
	EndGlobalSection
EndGlobal
