
Microsoft Visual Studio Solution File, Format Version 12.00
# Visual Studio 15
VisualStudioVersion = 15.0.27004.2005
MinimumVisualStudioVersion = 10.0.40219.1
Project("{FAE04EC0-301F-11D3-BF4B-00C04F79EFBC}") = "ProductShop.App", "ProductShop.App\ProductShop.App.csproj", "{53DBBC81-73C4-4ACB-8F61-DFA8CC7C4E69}"
EndProject
Project("{FAE04EC0-301F-11D3-BF4B-00C04F79EFBC}") = "ProductShop.Data", "ProductShop.Data\ProductShop.Data.csproj", "{A2B9AA50-1353-4BE8-BEA0-722EEA1B0B41}"
EndProject
Project("{FAE04EC0-301F-11D3-BF4B-00C04F79EFBC}") = "ProductShop.Models", "ProductShop.Models\ProductShop.Models.csproj", "{76BC6EF9-2C66-435B-B2AE-CA43E9C49A01}"
EndProject
Global
	GlobalSection(SolutionConfigurationPlatforms) = preSolution
		Debug|Any CPU = Debug|Any CPU
		Release|Any CPU = Release|Any CPU
	EndGlobalSection
	GlobalSection(ProjectConfigurationPlatforms) = postSolution
		{53DBBC81-73C4-4ACB-8F61-DFA8CC7C4E69}.Debug|Any CPU.ActiveCfg = Debug|Any CPU
		{53DBBC81-73C4-4ACB-8F61-DFA8CC7C4E69}.Debug|Any CPU.Build.0 = Debug|Any CPU
		{53DBBC81-73C4-4ACB-8F61-DFA8CC7C4E69}.Release|Any CPU.ActiveCfg = Release|Any CPU
		{53DBBC81-73C4-4ACB-8F61-DFA8CC7C4E69}.Release|Any CPU.Build.0 = Release|Any CPU
		{A2B9AA50-1353-4BE8-BEA0-722EEA1B0B41}.Debug|Any CPU.ActiveCfg = Debug|Any CPU
		{A2B9AA50-1353-4BE8-BEA0-722EEA1B0B41}.Debug|Any CPU.Build.0 = Debug|Any CPU
		{A2B9AA50-1353-4BE8-BEA0-722EEA1B0B41}.Release|Any CPU.ActiveCfg = Release|Any CPU
		{A2B9AA50-1353-4BE8-BEA0-722EEA1B0B41}.Release|Any CPU.Build.0 = Release|Any CPU
		{76BC6EF9-2C66-435B-B2AE-CA43E9C49A01}.Debug|Any CPU.ActiveCfg = Debug|Any CPU
		{76BC6EF9-2C66-435B-B2AE-CA43E9C49A01}.Debug|Any CPU.Build.0 = Debug|Any CPU
		{76BC6EF9-2C66-435B-B2AE-CA43E9C49A01}.Release|Any CPU.ActiveCfg = Release|Any CPU
		{76BC6EF9-2C66-435B-B2AE-CA43E9C49A01}.Release|Any CPU.Build.0 = Release|Any CPU
	EndGlobalSection
	GlobalSection(SolutionProperties) = preSolution
		HideSolutionNode = FALSE
	EndGlobalSection
	GlobalSection(ExtensibilityGlobals) = postSolution
		SolutionGuid = {1EDA4F91-4815-4E76-AA06-E8B77F7B8C4C}
	EndGlobalSection
EndGlobal
